
Microsoft Visual Studio Solution File, Format Version 12.00
# Visual Studio Version 16
VisualStudioVersion = 16.0.31702.278
MinimumVisualStudioVersion = 10.0.40219.1
Project("{FAE04EC0-301F-11D3-BF4B-00C04F79EFBC}") = "Entities", "Entities\Entities.csproj", "{11AC977A-AEA9-468A-95F2-989C7B58C5C6}"
EndProject
Project("{FAE04EC0-301F-11D3-BF4B-00C04F79EFBC}") = "DataAccess", "DataAccess\DataAccess.csproj", "{C056961C-06F5-44A5-A512-CDDDF13F422F}"
EndProject
Project("{FAE04EC0-301F-11D3-BF4B-00C04F79EFBC}") = "Core", "Core\Core.csproj", "{AC00E5FF-3D19-4715-BBD0-F43A0995998B}"
EndProject
Project("{FAE04EC0-301F-11D3-BF4B-00C04F79EFBC}") = "Business", "Business\Business.csproj", "{41D0021C-CE42-4BF1-AC38-696B831ABE19}"
EndProject
Project("{FAE04EC0-301F-11D3-BF4B-00C04F79EFBC}") = "WebUI", "WebUI\WebUI.csproj", "{C7E212CB-1CA4-46A6-98BA-1C53E81482D8}"
EndProject
Global
	GlobalSection(SolutionConfigurationPlatforms) = preSolution
		Debug|Any CPU = Debug|Any CPU
		Release|Any CPU = Release|Any CPU
	EndGlobalSection
	GlobalSection(ProjectConfigurationPlatforms) = postSolution
		{11AC977A-AEA9-468A-95F2-989C7B58C5C6}.Debug|Any CPU.ActiveCfg = Debug|Any CPU
		{11AC977A-AEA9-468A-95F2-989C7B58C5C6}.Debug|Any CPU.Build.0 = Debug|Any CPU
		{11AC977A-AEA9-468A-95F2-989C7B58C5C6}.Release|Any CPU.ActiveCfg = Release|Any CPU
		{11AC977A-AEA9-468A-95F2-989C7B58C5C6}.Release|Any CPU.Build.0 = Release|Any CPU
		{C056961C-06F5-44A5-A512-CDDDF13F422F}.Debug|Any CPU.ActiveCfg = Debug|Any CPU
		{C056961C-06F5-44A5-A512-CDDDF13F422F}.Debug|Any CPU.Build.0 = Debug|Any CPU
		{C056961C-06F5-44A5-A512-CDDDF13F422F}.Release|Any CPU.ActiveCfg = Release|Any CPU
		{C056961C-06F5-44A5-A512-CDDDF13F422F}.Release|Any CPU.Build.0 = Release|Any CPU
		{AC00E5FF-3D19-4715-BBD0-F43A0995998B}.Debug|Any CPU.ActiveCfg = Debug|Any CPU
		{AC00E5FF-3D19-4715-BBD0-F43A0995998B}.Debug|Any CPU.Build.0 = Debug|Any CPU
		{AC00E5FF-3D19-4715-BBD0-F43A0995998B}.Release|Any CPU.ActiveCfg = Release|Any CPU
		{AC00E5FF-3D19-4715-BBD0-F43A0995998B}.Release|Any CPU.Build.0 = Release|Any CPU
		{41D0021C-CE42-4BF1-AC38-696B831ABE19}.Debug|Any CPU.ActiveCfg = Debug|Any CPU
		{41D0021C-CE42-4BF1-AC38-696B831ABE19}.Debug|Any CPU.Build.0 = Debug|Any CPU
		{41D0021C-CE42-4BF1-AC38-696B831ABE19}.Release|Any CPU.ActiveCfg = Release|Any CPU
		{41D0021C-CE42-4BF1-AC38-696B831ABE19}.Release|Any CPU.Build.0 = Release|Any CPU
		{C7E212CB-1CA4-46A6-98BA-1C53E81482D8}.Debug|Any CPU.ActiveCfg = Debug|Any CPU
		{C7E212CB-1CA4-46A6-98BA-1C53E81482D8}.Debug|Any CPU.Build.0 = Debug|Any CPU
		{C7E212CB-1CA4-46A6-98BA-1C53E81482D8}.Release|Any CPU.ActiveCfg = Release|Any CPU
		{C7E212CB-1CA4-46A6-98BA-1C53E81482D8}.Release|Any CPU.Build.0 = Release|Any CPU
	EndGlobalSection
	GlobalSection(SolutionProperties) = preSolution
		HideSolutionNode = FALSE
	EndGlobalSection
	GlobalSection(ExtensibilityGlobals) = postSolution
		SolutionGuid = {520B81EF-E34B-4EE5-8970-722B4D227739}
	EndGlobalSection
EndGlobal
